{
  "nodes": {
    "home-manager": {
      "inputs": {
        "nixpkgs": [
          "nixpkgs"
        ]
      },
      "locked": {
        "lastModified": 1789430117,
        "narHash": "sha256-t+U1mijItLJ64xZOifpfQ17kpAL73nU7pDI48ScacVc=",
        "owner": "nix-community",
        "repo": "home-manager",
        "rev": "cda90fd8838825c689fde9d3f3b4e937937790df",
        "type": "github"
      },
      "original": {
        "owner": "nix-community",
        "repo": "home-manager",
        "type": "github"
      }
    },
    "nixpkgs": {
      "locked": {
        "lastModified": 1789286504,
        "narHash": "sha256-eiEK7cKZORNEvX0GeF3RtNEF/JXhgf2RqSp3230q13E=",
        "owner": "nixos",
        "repo": "nixpkgs",
        "rev": "ef34387ddd751e1ab8857adf4676492d32eb24ec",
        "type": "github"
      },
      "original": {
        "owner": "nixos",
        "ref": "nixos-unstable",
        "repo": "nixpkgs",
        "type": "github"
      }
    },
    "root": {
      "inputs": {
        "home-manager": "home-manager",
        "nixpkgs": "nixpkgs",
        "spotifast": "spotifast",
        "st-src": "st-src",
        "sxwm-src": "sxwm-src"
      }
    },
    "rust-overlay": {
      "inputs": {
        "nixpkgs": [
          "spotifast",
          "nixpkgs"
        ]
      },
      "locked": {
        "lastModified": 1787834454,
        "narHash": "sha256-jXSvqn04IOecJCvSvl8+g3PsbDVNP6qKs6dKUs/b16k=",
        "owner": "oxalica",
        "repo": "rust-overlay",
        "rev": "dc2fd1acc537f3583744e1373597a5731ff7a6e3",
        "type": "github"
      },
      "original": {
        "owner": "oxalica",
        "repo": "rust-overlay",
        "type": "github"
      }
    },
    "spotifast": {
      "inputs": {
        "nixpkgs": [
          "nixpkgs"
        ],
        "rust-overlay": "rust-overlay"
      },
      "locked": {
        "lastModified": 1790454752,
        "narHash": "sha256-AtkyNEyx9oyEKuykm8TeQ9Jm+C3vMrBYqvuuNSQWNHw=",
        "owner": "crmne",
        "repo": "spotifast",
        "rev": "7e2d6c58a3ae8931d1a77ba15a6c222e944479c6",
        "type": "github"
      },
      "original": {
        "owner": "crmne",
        "repo": "spotifast",
        "type": "github"
      }
    },
    "st-src": {
      "flake": false,
      "locked": {
        "lastModified": 1641555597,
        "narHash": "sha256-pULT784097GkY+rXElCCYLExJ5ORxYlJ5qeXCojUx0c=",
        "ref": "refs/tags/0.8.5",
        "rev": "7fb0c0cc681f36be2ad12091ef93a41671f32738",
        "revCount": 1140,
        "type": "git",
        "url": "https://git.suckless.org/st"
      },
      "original": {
        "ref": "refs/tags/0.8.5",
        "type": "git",
        "url": "https://git.suckless.org/st"
      }
    },
    "sxwm-src": {
      "flake": false,
      "locked": {
        "lastModified": 1783810761,
        "narHash": "sha256-slHuEEtHttjmTa95rsVWHJanVcvi60ySzZ8dMJPBpZY=",
        "owner": "uint23",
        "repo": "sxwm",
        "rev": "ba5801fd8cb204aee48ab4a94b835e843e673b1f",
        "type": "github"
      },
      "original": {
        "owner": "uint23",
        "repo": "sxwm",
        "type": "github"
      }
    }
  },
  "root": "root",
  "version": 7
}
